// !$*UTF8*$!
{
	archiveVersion = 1;
	classes = {
	};
	objectVersion = 77;
	objects = {

/* Begin PBXBuildFile section */
		07B4EF1C2E3BE13200BE09FB /* PokemonImage.swift in Sources */ = {isa = PBXBuildFile; fileRef = 07B4EF182E3BE13200BE09FB /* PokemonImage.swift */; };
		07B4EF1D2E3BE13200BE09FB /* PokemonTipo.swift in Sources */ = {isa = PBXBuildFile; fileRef = 07B4EF112E3BE13200BE09FB /* PokemonTipo.swift */; };
		07B4EF1E2E3BE13200BE09FB /* ContentView.swift in Sources */ = {isa = PBXBuildFile; fileRef = 07B4EF0C2E3BE13200BE09FB /* ContentView.swift */; };
		07B4EF1F2E3BE13200BE09FB /* TypeColor.swift in Sources */ = {isa = PBXBuildFile; fileRef = 07B4EF122E3BE13200BE09FB /* TypeColor.swift */; };
		07B4EF202E3BE13200BE09FB /* PokemonModel.swift in Sources */ = {isa = PBXBuildFile; fileRef = 07B4EF102E3BE13200BE09FB /* PokemonModel.swift */; };
		07B4EF212E3BE13200BE09FB /* PokemonList.swift in Sources */ = {isa = PBXBuildFile; fileRef = 07B4EF0F2E3BE13200BE09FB /* PokemonList.swift */; };
		07B4EF222E3BE13200BE09FB /* PokemonDetalhes.swift in Sources */ = {isa = PBXBuildFile; fileRef = 07B4EF172E3BE13200BE09FB /* PokemonDetalhes.swift */; };
		07B4EF232E3BE13200BE09FB /* ExibirPerfil.swift in Sources */ = {isa = PBXBuildFile; fileRef = 07B4EF152E3BE13200BE09FB /* ExibirPerfil.swift */; };
		07B4EF242E3BE13200BE09FB /* PokedexAppApp.swift in Sources */ = {isa = PBXBuildFile; fileRef = 07B4EF0D2E3BE13200BE09FB /* PokedexAppApp.swift */; };
		07B4EF252E3BE13200BE09FB /* PokemonsPorTipo.swift in Sources */ = {isa = PBXBuildFile; fileRef = 07B4EF192E3BE13200BE09FB /* PokemonsPorTipo.swift */; };
		07B4EF262E3BE13200BE09FB /* ExibirPokedex.swift in Sources */ = {isa = PBXBuildFile; fileRef = 07B4EF162E3BE13200BE09FB /* ExibirPokedex.swift */; };
		07B4EF272E3BE13200BE09FB /* ExibirEstatisticas.swift in Sources */ = {isa = PBXBuildFile; fileRef = 07B4EF142E3BE13200BE09FB /* ExibirEstatisticas.swift */; };
		07B4EF282E3BE13200BE09FB /* PokemonImage.swift in Sources */ = {isa = PBXBuildFile; fileRef = 07B4EF182E3BE13200BE09FB /* PokemonImage.swift */; };
		07B4EF292E3BE13200BE09FB /* PokemonTipo.swift in Sources */ = {isa = PBXBuildFile; fileRef = 07B4EF112E3BE13200BE09FB /* PokemonTipo.swift */; };
		07B4EF2A2E3BE13200BE09FB /* ContentView.swift in Sources */ = {isa = PBXBuildFile; fileRef = 07B4EF0C2E3BE13200BE09FB /* ContentView.swift */; };
		07B4EF2B2E3BE13200BE09FB /* TypeColor.swift in Sources */ = {isa = PBXBuildFile; fileRef = 07B4EF122E3BE13200BE09FB /* TypeColor.swift */; };
		07B4EF2C2E3BE13200BE09FB /* PokemonModel.swift in Sources */ = {isa = PBXBuildFile; fileRef = 07B4EF102E3BE13200BE09FB /* PokemonModel.swift */; };
		07B4EF2D2E3BE13200BE09FB /* PokemonList.swift in Sources */ = {isa = PBXBuildFile; fileRef = 07B4EF0F2E3BE13200BE09FB /* PokemonList.swift */; };
		07B4EF2E2E3BE13200BE09FB /* PokemonDetalhes.swift in Sources */ = {isa = PBXBuildFile; fileRef = 07B4EF172E3BE13200BE09FB /* PokemonDetalhes.swift */; };
		07B4EF2F2E3BE13200BE09FB /* ExibirPerfil.swift in Sources */ = {isa = PBXBuildFile; fileRef = 07B4EF152E3BE13200BE09FB /* ExibirPerfil.swift */; };
		07B4EF302E3BE13200BE09FB /* PokedexAppApp.swift in Sources */ = {isa = PBXBuildFile; fileRef = 07B4EF0D2E3BE13200BE09FB /* PokedexAppApp.swift */; };
		07B4EF312E3BE13200BE09FB /* PokemonsPorTipo.swift in Sources */ = {isa = PBXBuildFile; fileRef = 07B4EF192E3BE13200BE09FB /* PokemonsPorTipo.swift */; };
		07B4EF322E3BE13200BE09FB /* ExibirPokedex.swift in Sources */ = {isa = PBXBuildFile; fileRef = 07B4EF162E3BE13200BE09FB /* ExibirPokedex.swift */; };
		07B4EF332E3BE13200BE09FB /* ExibirEstatisticas.swift in Sources */ = {isa = PBXBuildFile; fileRef = 07B4EF142E3BE13200BE09FB /* ExibirEstatisticas.swift */; };
		07B4EF342E3BE13200BE09FB /* PokemonImage.swift in Sources */ = {isa = PBXBuildFile; fileRef = 07B4EF182E3BE13200BE09FB /* PokemonImage.swift */; };
		07B4EF352E3BE13200BE09FB /* PokemonTipo.swift in Sources */ = {isa = PBXBuildFile; fileRef = 07B4EF112E3BE13200BE09FB /* PokemonTipo.swift */; };
		07B4EF362E3BE13200BE09FB /* ContentView.swift in Sources */ = {isa = PBXBuildFile; fileRef = 07B4EF0C2E3BE13200BE09FB /* ContentView.swift */; };
		07B4EF372E3BE13200BE09FB /* TypeColor.swift in Sources */ = {isa = PBXBuildFile; fileRef = 07B4EF122E3BE13200BE09FB /* TypeColor.swift */; };
		07B4EF382E3BE13200BE09FB /* PokemonModel.swift in Sources */ = {isa = PBXBuildFile; fileRef = 07B4EF102E3BE13200BE09FB /* PokemonModel.swift */; };
		07B4EF392E3BE13200BE09FB /* PokemonList.swift in Sources */ = {isa = PBXBuildFile; fileRef = 07B4EF0F2E3BE13200BE09FB /* PokemonList.swift */; };
		07B4EF3A2E3BE13200BE09FB /* PokemonDetalhes.swift in Sources */ = {isa = PBXBuildFile; fileRef = 07B4EF172E3BE13200BE09FB /* PokemonDetalhes.swift */; };
		07B4EF3B2E3BE13200BE09FB /* ExibirPerfil.swift in Sources */ = {isa = PBXBuildFile; fileRef = 07B4EF152E3BE13200BE09FB /* ExibirPerfil.swift */; };
		07B4EF3C2E3BE13200BE09FB /* PokedexAppApp.swift in Sources */ = {isa = PBXBuildFile; fileRef = 07B4EF0D2E3BE13200BE09FB /* PokedexAppApp.swift */; };
		07B4EF3D2E3BE13200BE09FB /* PokemonsPorTipo.swift in Sources */ = {isa = PBXBuildFile; fileRef = 07B4EF192E3BE13200BE09FB /* PokemonsPorTipo.swift */; };
		07B4EF3E2E3BE13200BE09FB /* ExibirPokedex.swift in Sources */ = {isa = PBXBuildFile; fileRef = 07B4EF162E3BE13200BE09FB /* ExibirPokedex.swift */; };
		07B4EF3F2E3BE13200BE09FB /* ExibirEstatisticas.swift in Sources */ = {isa = PBXBuildFile; fileRef = 07B4EF142E3BE13200BE09FB /* ExibirEstatisticas.swift */; };
		07B4EF412E3BE19300BE09FB /* Assets.xcassets in Resources */ = {isa = PBXBuildFile; fileRef = 07B4EF402E3BE19300BE09FB /* Assets.xcassets */; };
		07B4EF422E3BE19300BE09FB /* Assets.xcassets in Resources */ = {isa = PBXBuildFile; fileRef = 07B4EF402E3BE19300BE09FB /* Assets.xcassets */; };
		07B4EF432E3BE19300BE09FB /* Assets.xcassets in Resources */ = {isa = PBXBuildFile; fileRef = 07B4EF402E3BE19300BE09FB /* Assets.xcassets */; };
/* End PBXBuildFile section */

/* Begin PBXContainerItemProxy section */
		07B4ED912E3937B900BE09FB /* PBXContainerItemProxy */ = {
			isa = PBXContainerItemProxy;
			containerPortal = 07B4ED7B2E3937B300BE09FB /* Project object */;
			proxyType = 1;
			remoteGlobalIDString = 07B4ED822E3937B300BE09FB;
			remoteInfo = PokedexApp;
		};
		07B4ED9B2E3937B900BE09FB /* PBXContainerItemProxy */ = {
			isa = PBXContainerItemProxy;
			containerPortal = 07B4ED7B2E3937B300BE09FB /* Project object */;
			proxyType = 1;
			remoteGlobalIDString = 07B4ED822E3937B300BE09FB;
			remoteInfo = PokedexApp;
		};
/* End PBXContainerItemProxy section */

/* Begin PBXFileReference section */
		07B4ED832E3937B300BE09FB /* PokedexApp.app */ = {isa = PBXFileReference; explicitFileType = wrapper.application; includeInIndex = 0; path = PokedexApp.app; sourceTree = BUILT_PRODUCTS_DIR; };
		07B4ED902E3937B900BE09FB /* PokedexAppTests.xctest */ = {isa = PBXFileReference; explicitFileType = wrapper.cfbundle; includeInIndex = 0; path = PokedexAppTests.xctest; sourceTree = BUILT_PRODUCTS_DIR; };
		07B4ED9A2E3937B900BE09FB /* PokedexAppUITests.xctest */ = {isa = PBXFileReference; explicitFileType = wrapper.cfbundle; includeInIndex = 0; path = PokedexAppUITests.xctest; sourceTree = BUILT_PRODUCTS_DIR; };
		07B4EF0C2E3BE13200BE09FB /* ContentView.swift */ = {isa = PBXFileReference; lastKnownFileType = sourcecode.swift; path = ContentView.swift; sourceTree = "<group>"; };
		07B4EF0D2E3BE13200BE09FB /* PokedexAppApp.swift */ = {isa = PBXFileReference; lastKnownFileType = sourcecode.swift; path = PokedexAppApp.swift; sourceTree = "<group>"; };
		07B4EF0F2E3BE13200BE09FB /* PokemonList.swift */ = {isa = PBXFileReference; lastKnownFileType = sourcecode.swift; path = PokemonList.swift; sourceTree = "<group>"; };
		07B4EF102E3BE13200BE09FB /* PokemonModel.swift */ = {isa = PBXFileReference; lastKnownFileType = sourcecode.swift; path = PokemonModel.swift; sourceTree = "<group>"; };
		07B4EF112E3BE13200BE09FB /* PokemonTipo.swift */ = {isa = PBXFileReference; lastKnownFileType = sourcecode.swift; path = PokemonTipo.swift; sourceTree = "<group>"; };
		07B4EF122E3BE13200BE09FB /* TypeColor.swift */ = {isa = PBXFileReference; lastKnownFileType = sourcecode.swift; path = TypeColor.swift; sourceTree = "<group>"; };
		07B4EF142E3BE13200BE09FB /* ExibirEstatisticas.swift */ = {isa = PBXFileReference; lastKnownFileType = sourcecode.swift; path = ExibirEstatisticas.swift; sourceTree = "<group>"; };
		07B4EF152E3BE13200BE09FB /* ExibirPerfil.swift */ = {isa = PBXFileReference; lastKnownFileType = sourcecode.swift; path = ExibirPerfil.swift; sourceTree = "<group>"; };
		07B4EF162E3BE13200BE09FB /* ExibirPokedex.swift */ = {isa = PBXFileReference; lastKnownFileType = sourcecode.swift; path = ExibirPokedex.swift; sourceTree = "<group>"; };
		07B4EF172E3BE13200BE09FB /* PokemonDetalhes.swift */ = {isa = PBXFileReference; lastKnownFileType = sourcecode.swift; path = PokemonDetalhes.swift; sourceTree = "<group>"; };
		07B4EF182E3BE13200BE09FB /* PokemonImage.swift */ = {isa = PBXFileReference; lastKnownFileType = sourcecode.swift; path = PokemonImage.swift; sourceTree = "<group>"; };
		07B4EF192E3BE13200BE09FB /* PokemonsPorTipo.swift */ = {isa = PBXFileReference; lastKnownFileType = sourcecode.swift; path = PokemonsPorTipo.swift; sourceTree = "<group>"; };
		07B4EF402E3BE19300BE09FB /* Assets.xcassets */ = {isa = PBXFileReference; lastKnownFileType = folder.assetcatalog; path = Assets.xcassets; sourceTree = "<group>"; };
/* End PBXFileReference section */

/* Begin PBXFrameworksBuildPhase section */
		07B4ED802E3937B300BE09FB /* Frameworks */ = {
			isa = PBXFrameworksBuildPhase;
			buildActionMask = 2147483647;
			files = (
			);
			runOnlyForDeploymentPostprocessing = 0;
		};
		07B4ED8D2E3937B900BE09FB /* Frameworks */ = {
			isa = PBXFrameworksBuildPhase;
			buildActionMask = 2147483647;
			files = (
			);
			runOnlyForDeploymentPostprocessing = 0;
		};
		07B4ED972E3937B900BE09FB /* Frameworks */ = {
			isa = PBXFrameworksBuildPhase;
			buildActionMask = 2147483647;
			files = (
			);
			runOnlyForDeploymentPostprocessing = 0;
		};
/* End PBXFrameworksBuildPhase section */

/* Begin PBXGroup section */
		07B4ED7A2E3937B300BE09FB = {
			isa = PBXGroup;
			children = (
				07B4EF1B2E3BE13200BE09FB /* PokedexApp 2 */,
				07B4ED842E3937B300BE09FB /* Products */,
			);
			sourceTree = "<group>";
		};
		07B4ED842E3937B300BE09FB /* Products */ = {
			isa = PBXGroup;
			children = (
				07B4ED832E3937B300BE09FB /* PokedexApp.app */,
				07B4ED902E3937B900BE09FB /* PokedexAppTests.xctest */,
				07B4ED9A2E3937B900BE09FB /* PokedexAppUITests.xctest */,
			);
			name = Products;
			sourceTree = "<group>";
		};
		07B4EF0E2E3BE13200BE09FB /* Main */ = {
			isa = PBXGroup;
			children = (
				07B4EF0C2E3BE13200BE09FB /* ContentView.swift */,
				07B4EF0D2E3BE13200BE09FB /* PokedexAppApp.swift */,
			);
			path = Main;
			sourceTree = "<group>";
		};
		07B4EF132E3BE13200BE09FB /* Model */ = {
			isa = PBXGroup;
			children = (
				07B4EF0F2E3BE13200BE09FB /* PokemonList.swift */,
				07B4EF102E3BE13200BE09FB /* PokemonModel.swift */,
				07B4EF112E3BE13200BE09FB /* PokemonTipo.swift */,
				07B4EF122E3BE13200BE09FB /* TypeColor.swift */,
			);
			path = Model;
			sourceTree = "<group>";
		};
		07B4EF1A2E3BE13200BE09FB /* View */ = {
			isa = PBXGroup;
			children = (
				07B4EF142E3BE13200BE09FB /* ExibirEstatisticas.swift */,
				07B4EF152E3BE13200BE09FB /* ExibirPerfil.swift */,
				07B4EF162E3BE13200BE09FB /* ExibirPokedex.swift */,
				07B4EF172E3BE13200BE09FB /* PokemonDetalhes.swift */,
				07B4EF182E3BE13200BE09FB /* PokemonImage.swift */,
				07B4EF192E3BE13200BE09FB /* PokemonsPorTipo.swift */,
			);
			path = View;
			sourceTree = "<group>";
		};
		07B4EF1B2E3BE13200BE09FB /* PokedexApp 2 */ = {
			isa = PBXGroup;
			children = (
				07B4EF402E3BE19300BE09FB /* Assets.xcassets */,
				07B4EF0E2E3BE13200BE09FB /* Main */,
				07B4EF132E3BE13200BE09FB /* Model */,
				07B4EF1A2E3BE13200BE09FB /* View */,
			);
			path = "PokedexApp 2";
			sourceTree = "<group>";
		};
/* End PBXGroup section */

/* Begin PBXNativeTarget section */
		07B4ED822E3937B300BE09FB /* PokedexApp */ = {
			isa = PBXNativeTarget;
			buildConfigurationList = 07B4EDA42E3937B900BE09FB /* Build configuration list for PBXNativeTarget "PokedexApp" */;
			buildPhases = (
				07B4ED7F2E3937B300BE09FB /* Sources */,
				07B4ED802E3937B300BE09FB /* Frameworks */,
				07B4ED812E3937B300BE09FB /* Resources */,
			);
			buildRules = (
			);
			dependencies = (
			);
			name = PokedexApp;
			packageProductDependencies = (
			);
			productName = PokedexApp;
			productReference = 07B4ED832E3937B300BE09FB /* PokedexApp.app */;
			productType = "com.apple.product-type.application";
		};
		07B4ED8F2E3937B900BE09FB /* PokedexAppTests */ = {
			isa = PBXNativeTarget;
			buildConfigurationList = 07B4EDA72E3937B900BE09FB /* Build configuration list for PBXNativeTarget "PokedexAppTests" */;
			buildPhases = (
				07B4ED8C2E3937B900BE09FB /* Sources */,
				07B4ED8D2E3937B900BE09FB /* Frameworks */,
				07B4ED8E2E3937B900BE09FB /* Resources */,
			);
			buildRules = (
			);
			dependencies = (
				07B4ED922E3937B900BE09FB /* PBXTargetDependency */,
			);
			name = PokedexAppTests;
			packageProductDependencies = (
			);
			productName = PokedexAppTests;
			productReference = 07B4ED902E3937B900BE09FB /* PokedexAppTests.xctest */;
			productType = "com.apple.product-type.bundle.unit-test";
		};
		07B4ED992E3937B900BE09FB /* PokedexAppUITests */ = {
			isa = PBXNativeTarget;
			buildConfigurationList = 07B4EDAA2E3937B900BE09FB /* Build configuration list for PBXNativeTarget "PokedexAppUITests" */;
			buildPhases = (
				07B4ED962E3937B900BE09FB /* Sources */,
				07B4ED972E3937B900BE09FB /* Frameworks */,
				07B4ED982E3937B900BE09FB /* Resources */,
			);
			buildRules = (
			);
			dependencies = (
				07B4ED9C2E3937B900BE09FB /* PBXTargetDependency */,
			);
			name = PokedexAppUITests;
			packageProductDependencies = (
			);
			productName = PokedexAppUITests;
			productReference = 07B4ED9A2E3937B900BE09FB /* PokedexAppUITests.xctest */;
			productType = "com.apple.product-type.bundle.ui-testing";
		};
/* End PBXNativeTarget section */

/* Begin PBXProject section */
		07B4ED7B2E3937B300BE09FB /* Project object */ = {
			isa = PBXProject;
			attributes = {
				BuildIndependentTargetsInParallel = 1;
				LastSwiftUpdateCheck = 1640;
				LastUpgradeCheck = 1640;
				TargetAttributes = {
					07B4ED822E3937B300BE09FB = {
						CreatedOnToolsVersion = 16.4;
					};
					07B4ED8F2E3937B900BE09FB = {
						CreatedOnToolsVersion = 16.4;
						TestTargetID = 07B4ED822E3937B300BE09FB;
					};
					07B4ED992E3937B900BE09FB = {
						CreatedOnToolsVersion = 16.4;
						TestTargetID = 07B4ED822E3937B300BE09FB;
					};
				};
			};
			buildConfigurationList = 07B4ED7E2E3937B300BE09FB /* Build configuration list for PBXProject "PokedexApp" */;
			developmentRegion = en;
			hasScannedForEncodings = 0;
			knownRegions = (
				en,
				Base,
			);
			mainGroup = 07B4ED7A2E3937B300BE09FB;
			minimizedProjectReferenceProxies = 1;
			preferredProjectObjectVersion = 77;
			productRefGroup = 07B4ED842E3937B300BE09FB /* Products */;
			projectDirPath = "";
			projectRoot = "";
			targets = (
				07B4ED822E3937B300BE09FB /* PokedexApp */,
				07B4ED8F2E3937B900BE09FB /* PokedexAppTests */,
				07B4ED992E3937B900BE09FB /* PokedexAppUITests */,
			);
		};
/* End PBXProject section */

/* Begin PBXResourcesBuildPhase section */
		07B4ED812E3937B300BE09FB /* Resources */ = {
			isa = PBXResourcesBuildPhase;
			buildActionMask = 2147483647;
			files = (
				07B4EF432E3BE19300BE09FB /* Assets.xcassets in Resources */,
			);
			runOnlyForDeploymentPostprocessing = 0;
		};
		07B4ED8E2E3937B900BE09FB /* Resources */ = {
			isa = PBXResourcesBuildPhase;
			buildActionMask = 2147483647;
			files = (
				07B4EF412E3BE19300BE09FB /* Assets.xcassets in Resources */,
			);
			runOnlyForDeploymentPostprocessing = 0;
		};
		07B4ED982E3937B900BE09FB /* Resources */ = {
			isa = PBXResourcesBuildPhase;
			buildActionMask = 2147483647;
			files = (
				07B4EF422E3BE19300BE09FB /* Assets.xcassets in Resources */,
			);
			runOnlyForDeploymentPostprocessing = 0;
		};
/* End PBXResourcesBuildPhase section */

/* Begin PBXSourcesBuildPhase section */
		07B4ED7F2E3937B300BE09FB /* Sources */ = {
			isa = PBXSourcesBuildPhase;
			buildActionMask = 2147483647;
			files = (
				07B4EF282E3BE13200BE09FB /* PokemonImage.swift in Sources */,
				07B4EF292E3BE13200BE09FB /* PokemonTipo.swift in Sources */,
				07B4EF2A2E3BE13200BE09FB /* ContentView.swift in Sources */,
				07B4EF2B2E3BE13200BE09FB /* TypeColor.swift in Sources */,
				07B4EF2C2E3BE13200BE09FB /* PokemonModel.swift in Sources */,
				07B4EF2D2E3BE13200BE09FB /* PokemonList.swift in Sources */,
				07B4EF2E2E3BE13200BE09FB /* PokemonDetalhes.swift in Sources */,
				07B4EF2F2E3BE13200BE09FB /* ExibirPerfil.swift in Sources */,
				07B4EF302E3BE13200BE09FB /* PokedexAppApp.swift in Sources */,
				07B4EF312E3BE13200BE09FB /* PokemonsPorTipo.swift in Sources */,
				07B4EF322E3BE13200BE09FB /* ExibirPokedex.swift in Sources */,
				07B4EF332E3BE13200BE09FB /* ExibirEstatisticas.swift in Sources */,
			);
			runOnlyForDeploymentPostprocessing = 0;
		};
		07B4ED8C2E3937B900BE09FB /* Sources */ = {
			isa = PBXSourcesBuildPhase;
			buildActionMask = 2147483647;
			files = (
				07B4EF342E3BE13200BE09FB /* PokemonImage.swift in Sources */,
				07B4EF352E3BE13200BE09FB /* PokemonTipo.swift in Sources */,
				07B4EF362E3BE13200BE09FB /* ContentView.swift in Sources */,
				07B4EF372E3BE13200BE09FB /* TypeColor.swift in Sources */,
				07B4EF382E3BE13200BE09FB /* PokemonModel.swift in Sources */,
				07B4EF392E3BE13200BE09FB /* PokemonList.swift in Sources */,
				07B4EF3A2E3BE13200BE09FB /* PokemonDetalhes.swift in Sources */,
				07B4EF3B2E3BE13200BE09FB /* ExibirPerfil.swift in Sources */,
				07B4EF3C2E3BE13200BE09FB /* PokedexAppApp.swift in Sources */,
				07B4EF3D2E3BE13200BE09FB /* PokemonsPorTipo.swift in Sources */,
				07B4EF3E2E3BE13200BE09FB /* ExibirPokedex.swift in Sources */,
				07B4EF3F2E3BE13200BE09FB /* ExibirEstatisticas.swift in Sources */,
			);
			runOnlyForDeploymentPostprocessing = 0;
		};
		07B4ED962E3937B900BE09FB /* Sources */ = {
			isa = PBXSourcesBuildPhase;
			buildActionMask = 2147483647;
			files = (
				07B4EF1C2E3BE13200BE09FB /* PokemonImage.swift in Sources */,
				07B4EF1D2E3BE13200BE09FB /* PokemonTipo.swift in Sources */,
				07B4EF1E2E3BE13200BE09FB /* ContentView.swift in Sources */,
				07B4EF1F2E3BE13200BE09FB /* TypeColor.swift in Sources */,
				07B4EF202E3BE13200BE09FB /* PokemonModel.swift in Sources */,
				07B4EF212E3BE13200BE09FB /* PokemonList.swift in Sources */,
				07B4EF222E3BE13200BE09FB /* PokemonDetalhes.swift in Sources */,
				07B4EF232E3BE13200BE09FB /* ExibirPerfil.swift in Sources */,
				07B4EF242E3BE13200BE09FB /* PokedexAppApp.swift in Sources */,
				07B4EF252E3BE13200BE09FB /* PokemonsPorTipo.swift in Sources */,
				07B4EF262E3BE13200BE09FB /* ExibirPokedex.swift in Sources */,
				07B4EF272E3BE13200BE09FB /* ExibirEstatisticas.swift in Sources */,
			);
			runOnlyForDeploymentPostprocessing = 0;
		};
/* End PBXSourcesBuildPhase section */

/* Begin PBXTargetDependency section */
		07B4ED922E3937B900BE09FB /* PBXTargetDependency */ = {
			isa = PBXTargetDependency;
			target = 07B4ED822E3937B300BE09FB /* PokedexApp */;
			targetProxy = 07B4ED912E3937B900BE09FB /* PBXContainerItemProxy */;
		};
		07B4ED9C2E3937B900BE09FB /* PBXTargetDependency */ = {
			isa = PBXTargetDependency;
			target = 07B4ED822E3937B300BE09FB /* PokedexApp */;
			targetProxy = 07B4ED9B2E3937B900BE09FB /* PBXContainerItemProxy */;
		};
/* End PBXTargetDependency section */

/* Begin XCBuildConfiguration section */
		07B4EDA22E3937B900BE09FB /* Debug */ = {
			isa = XCBuildConfiguration;
			buildSettings = {
				ALWAYS_SEARCH_USER_PATHS = NO;
				ASSETCATALOG_COMPILER_GENERATE_SWIFT_ASSET_SYMBOL_EXTENSIONS = YES;
				CLANG_ANALYZER_NONNULL = YES;
				CLANG_ANALYZER_NUMBER_OBJECT_CONVERSION = YES_AGGRESSIVE;
				CLANG_CXX_LANGUAGE_STANDARD = "gnu++20";
				CLANG_ENABLE_MODULES = YES;
				CLANG_ENABLE_OBJC_ARC = YES;
				CLANG_ENABLE_OBJC_WEAK = YES;
				CLANG_WARN_BLOCK_CAPTURE_AUTORELEASING = YES;
				CLANG_WARN_BOOL_CONVERSION = YES;
				CLANG_WARN_COMMA = YES;
				CLANG_WARN_CONSTANT_CONVERSION = YES;
				CLANG_WARN_DEPRECATED_OBJC_IMPLEMENTATIONS = YES;
				CLANG_WARN_DIRECT_OBJC_ISA_USAGE = YES_ERROR;
				CLANG_WARN_DOCUMENTATION_COMMENTS = YES;
				CLANG_WARN_EMPTY_BODY = YES;
				CLANG_WARN_ENUM_CONVERSION = YES;
				CLANG_WARN_INFINITE_RECURSION = YES;
				CLANG_WARN_INT_CONVERSION = YES;
				CLANG_WARN_NON_LITERAL_NULL_CONVERSION = YES;
				CLANG_WARN_OBJC_IMPLICIT_RETAIN_SELF = YES;
				CLANG_WARN_OBJC_LITERAL_CONVERSION = YES;
				CLANG_WARN_OBJC_ROOT_CLASS = YES_ERROR;
				CLANG_WARN_QUOTED_INCLUDE_IN_FRAMEWORK_HEADER = YES;
				CLANG_WARN_RANGE_LOOP_ANALYSIS = YES;
				CLANG_WARN_STRICT_PROTOTYPES = YES;
				CLANG_WARN_SUSPICIOUS_MOVE = YES;
				CLANG_WARN_UNGUARDED_AVAILABILITY = YES_AGGRESSIVE;
				CLANG_WARN_UNREACHABLE_CODE = YES;
				CLANG_WARN__DUPLICATE_METHOD_MATCH = YES;
				COPY_PHASE_STRIP = NO;
				DEBUG_INFORMATION_FORMAT = dwarf;
				ENABLE_STRICT_OBJC_MSGSEND = YES;
				ENABLE_TESTABILITY = YES;
				ENABLE_USER_SCRIPT_SANDBOXING = YES;
				GCC_C_LANGUAGE_STANDARD = gnu17;
				GCC_DYNAMIC_NO_PIC = NO;
				GCC_NO_COMMON_BLOCKS = YES;
				GCC_OPTIMIZATION_LEVEL = 0;
				GCC_PREPROCESSOR_DEFINITIONS = (
					"DEBUG=1",
					"$(inherited)",
				);
				GCC_WARN_64_TO_32_BIT_CONVERSION = YES;
				GCC_WARN_ABOUT_RETURN_TYPE = YES_ERROR;
				GCC_WARN_UNDECLARED_SELECTOR = YES;
				GCC_WARN_UNINITIALIZED_AUTOS = YES_AGGRESSIVE;
				GCC_WARN_UNUSED_FUNCTION = YES;
				GCC_WARN_UNUSED_VARIABLE = YES;
				IPHONEOS_DEPLOYMENT_TARGET = 18.5;
				LOCALIZATION_PREFERS_STRING_CATALOGS = YES;
				MTL_ENABLE_DEBUG_INFO = INCLUDE_SOURCE;
				MTL_FAST_MATH = YES;
				ONLY_ACTIVE_ARCH = YES;
				SDKROOT = iphoneos;
				SWIFT_ACTIVE_COMPILATION_CONDITIONS = "DEBUG $(inherited)";
				SWIFT_OPTIMIZATION_LEVEL = "-Onone";
			};
			name = Debug;
		};
		07B4EDA32E3937B900BE09FB /* Release */ = {
			isa = XCBuildConfiguration;
			buildSettings = {
				ALWAYS_SEARCH_USER_PATHS = NO;
				ASSETCATALOG_COMPILER_GENERATE_SWIFT_ASSET_SYMBOL_EXTENSIONS = YES;
				CLANG_ANALYZER_NONNULL = YES;
				CLANG_ANALYZER_NUMBER_OBJECT_CONVERSION = YES_AGGRESSIVE;
				CLANG_CXX_LANGUAGE_STANDARD = "gnu++20";
				CLANG_ENABLE_MODULES = YES;
				CLANG_ENABLE_OBJC_ARC = YES;
				CLANG_ENABLE_OBJC_WEAK = YES;
				CLANG_WARN_BLOCK_CAPTURE_AUTORELEASING = YES;
				CLANG_WARN_BOOL_CONVERSION = YES;
				CLANG_WARN_COMMA = YES;
				CLANG_WARN_CONSTANT_CONVERSION = YES;
				CLANG_WARN_DEPRECATED_OBJC_IMPLEMENTATIONS = YES;
				CLANG_WARN_DIRECT_OBJC_ISA_USAGE = YES_ERROR;
				CLANG_WARN_DOCUMENTATION_COMMENTS = YES;
				CLANG_WARN_EMPTY_BODY = YES;
				CLANG_WARN_ENUM_CONVERSION = YES;
				CLANG_WARN_INFINITE_RECURSION = YES;
				CLANG_WARN_INT_CONVERSION = YES;
				CLANG_WARN_NON_LITERAL_NULL_CONVERSION = YES;
				CLANG_WARN_OBJC_IMPLICIT_RETAIN_SELF = YES;
				CLANG_WARN_OBJC_LITERAL_CONVERSION = YES;
				CLANG_WARN_OBJC_ROOT_CLASS = YES_ERROR;
				CLANG_WARN_QUOTED_INCLUDE_IN_FRAMEWORK_HEADER = YES;
				CLANG_WARN_RANGE_LOOP_ANALYSIS = YES;
				CLANG_WARN_STRICT_PROTOTYPES = YES;
				CLANG_WARN_SUSPICIOUS_MOVE = YES;
				CLANG_WARN_UNGUARDED_AVAILABILITY = YES_AGGRESSIVE;
				CLANG_WARN_UNREACHABLE_CODE = YES;
				CLANG_WARN__DUPLICATE_METHOD_MATCH = YES;
				COPY_PHASE_STRIP = NO;
				DEBUG_INFORMATION_FORMAT = "dwarf-with-dsym";
				ENABLE_NS_ASSERTIONS = NO;
				ENABLE_STRICT_OBJC_MSGSEND = YES;
				ENABLE_USER_SCRIPT_SANDBOXING = YES;
				GCC_C_LANGUAGE_STANDARD = gnu17;
				GCC_NO_COMMON_BLOCKS = YES;
				GCC_WARN_64_TO_32_BIT_CONVERSION = YES;
				GCC_WARN_ABOUT_RETURN_TYPE = YES_ERROR;
				GCC_WARN_UNDECLARED_SELECTOR = YES;
				GCC_WARN_UNINITIALIZED_AUTOS = YES_AGGRESSIVE;
				GCC_WARN_UNUSED_FUNCTION = YES;
				GCC_WARN_UNUSED_VARIABLE = YES;
				IPHONEOS_DEPLOYMENT_TARGET = 18.5;
				LOCALIZATION_PREFERS_STRING_CATALOGS = YES;
				MTL_ENABLE_DEBUG_INFO = NO;
				MTL_FAST_MATH = YES;
				SDKROOT = iphoneos;
				SWIFT_COMPILATION_MODE = wholemodule;
				VALIDATE_PRODUCT = YES;
			};
			name = Release;
		};
		07B4EDA52E3937B900BE09FB /* Debug */ = {
			isa = XCBuildConfiguration;
			buildSettings = {
				ASSETCATALOG_COMPILER_APPICON_NAME = AppIcon;
				ASSETCATALOG_COMPILER_GLOBAL_ACCENT_COLOR_NAME = AccentColor;
				CODE_SIGN_STYLE = Automatic;
				CURRENT_PROJECT_VERSION = 1;
				ENABLE_PREVIEWS = YES;
				GENERATE_INFOPLIST_FILE = YES;
				INFOPLIST_KEY_UIApplicationSceneManifest_Generation = YES;
				INFOPLIST_KEY_UIApplicationSupportsIndirectInputEvents = YES;
				INFOPLIST_KEY_UILaunchScreen_Generation = YES;
				INFOPLIST_KEY_UISupportedInterfaceOrientations_iPad = "UIInterfaceOrientationPortrait UIInterfaceOrientationPortraitUpsideDown UIInterfaceOrientationLandscapeLeft UIInterfaceOrientationLandscapeRight";
				INFOPLIST_KEY_UISupportedInterfaceOrientations_iPhone = "UIInterfaceOrientationPortrait UIInterfaceOrientationLandscapeLeft UIInterfaceOrientationLandscapeRight";
				LD_RUNPATH_SEARCH_PATHS = (
					"$(inherited)",
					"@executable_path/Frameworks",
				);
				MARKETING_VERSION = 1.0;
				PRODUCT_BUNDLE_IDENTIFIER = EricDenser.PokedexApp;
				PRODUCT_NAME = "$(TARGET_NAME)";
				SWIFT_EMIT_LOC_STRINGS = YES;
				SWIFT_VERSION = 5.0;
				TARGETED_DEVICE_FAMILY = "1,2";
			};
			name = Debug;
		};
		07B4EDA62E3937B900BE09FB /* Release */ = {
			isa = XCBuildConfiguration;
			buildSettings = {
				ASSETCATALOG_COMPILER_APPICON_NAME = AppIcon;
				ASSETCATALOG_COMPILER_GLOBAL_ACCENT_COLOR_NAME = AccentColor;
				CODE_SIGN_STYLE = Automatic;
				CURRENT_PROJECT_VERSION = 1;
				ENABLE_PREVIEWS = YES;
				GENERATE_INFOPLIST_FILE = YES;
				INFOPLIST_KEY_UIApplicationSceneManifest_Generation = YES;
				INFOPLIST_KEY_UIApplicationSupportsIndirectInputEvents = YES;
				INFOPLIST_KEY_UILaunchScreen_Generation = YES;
				INFOPLIST_KEY_UISupportedInterfaceOrientations_iPad = "UIInterfaceOrientationPortrait UIInterfaceOrientationPortraitUpsideDown UIInterfaceOrientationLandscapeLeft UIInterfaceOrientationLandscapeRight";
				INFOPLIST_KEY_UISupportedInterfaceOrientations_iPhone = "UIInterfaceOrientationPortrait UIInterfaceOrientationLandscapeLeft UIInterfaceOrientationLandscapeRight";
				LD_RUNPATH_SEARCH_PATHS = (
					"$(inherited)",
					"@executable_path/Frameworks",
				);
				MARKETING_VERSION = 1.0;
				PRODUCT_BUNDLE_IDENTIFIER = EricDenser.PokedexApp;
				PRODUCT_NAME = "$(TARGET_NAME)";
				SWIFT_EMIT_LOC_STRINGS = YES;
				SWIFT_VERSION = 5.0;
				TARGETED_DEVICE_FAMILY = "1,2";
			};
			name = Release;
		};
		07B4EDA82E3937B900BE09FB /* Debug */ = {
			isa = XCBuildConfiguration;
			buildSettings = {
				BUNDLE_LOADER = "$(TEST_HOST)";
				CODE_SIGN_STYLE = Automatic;
				CURRENT_PROJECT_VERSION = 1;
				GENERATE_INFOPLIST_FILE = YES;
				IPHONEOS_DEPLOYMENT_TARGET = 18.5;
				MARKETING_VERSION = 1.0;
				PRODUCT_BUNDLE_IDENTIFIER = EricDenser.PokedexAppTests;
				PRODUCT_NAME = "$(TARGET_NAME)";
				SWIFT_EMIT_LOC_STRINGS = NO;
				SWIFT_VERSION = 5.0;
				TARGETED_DEVICE_FAMILY = "1,2";
				TEST_HOST = "$(BUILT_PRODUCTS_DIR)/PokedexApp.app/$(BUNDLE_EXECUTABLE_FOLDER_PATH)/PokedexApp";
			};
			name = Debug;
		};
		07B4EDA92E3937B900BE09FB /* Release */ = {
			isa = XCBuildConfiguration;
			buildSettings = {
				BUNDLE_LOADER = "$(TEST_HOST)";
				CODE_SIGN_STYLE = Automatic;
				CURRENT_PROJECT_VERSION = 1;
				GENERATE_INFOPLIST_FILE = YES;
				IPHONEOS_DEPLOYMENT_TARGET = 18.5;
				MARKETING_VERSION = 1.0;
				PRODUCT_BUNDLE_IDENTIFIER = EricDenser.PokedexAppTests;
				PRODUCT_NAME = "$(TARGET_NAME)";
				SWIFT_EMIT_LOC_STRINGS = NO;
				SWIFT_VERSION = 5.0;
				TARGETED_DEVICE_FAMILY = "1,2";
				TEST_HOST = "$(BUILT_PRODUCTS_DIR)/PokedexApp.app/$(BUNDLE_EXECUTABLE_FOLDER_PATH)/PokedexApp";
			};
			name = Release;
		};
		07B4EDAB2E3937B900BE09FB /* Debug */ = {
			isa = XCBuildConfiguration;
			buildSettings = {
				CODE_SIGN_STYLE = Automatic;
				CURRENT_PROJECT_VERSION = 1;
				GENERATE_INFOPLIST_FILE = YES;
				MARKETING_VERSION = 1.0;
				PRODUCT_BUNDLE_IDENTIFIER = EricDenser.PokedexAppUITests;
				PRODUCT_NAME = "$(TARGET_NAME)";
				SWIFT_EMIT_LOC_STRINGS = NO;
				SWIFT_VERSION = 5.0;
				TARGETED_DEVICE_FAMILY = "1,2";
				TEST_TARGET_NAME = PokedexApp;
			};
			name = Debug;
		};
		07B4EDAC2E3937B900BE09FB /* Release */ = {
			isa = XCBuildConfiguration;
			buildSettings = {
				CODE_SIGN_STYLE = Automatic;
				CURRENT_PROJECT_VERSION = 1;
				GENERATE_INFOPLIST_FILE = YES;
				MARKETING_VERSION = 1.0;
				PRODUCT_BUNDLE_IDENTIFIER = EricDenser.PokedexAppUITests;
				PRODUCT_NAME = "$(TARGET_NAME)";
				SWIFT_EMIT_LOC_STRINGS = NO;
				SWIFT_VERSION = 5.0;
				TARGETED_DEVICE_FAMILY = "1,2";
				TEST_TARGET_NAME = PokedexApp;
			};
			name = Release;
		};
/* End XCBuildConfiguration section */

/* Begin XCConfigurationList section */
		07B4ED7E2E3937B300BE09FB /* Build configuration list for PBXProject "PokedexApp" */ = {
			isa = XCConfigurationList;
			buildConfigurations = (
				07B4EDA22E3937B900BE09FB /* Debug */,
				07B4EDA32E3937B900BE09FB /* Release */,
			);
			defaultConfigurationIsVisible = 0;
			defaultConfigurationName = Release;
		};
		07B4EDA42E3937B900BE09FB /* Build configuration list for PBXNativeTarget "PokedexApp" */ = {
			isa = XCConfigurationList;
			buildConfigurations = (
				07B4EDA52E3937B900BE09FB /* Debug */,
				07B4EDA62E3937B900BE09FB /* Release */,
			);
			defaultConfigurationIsVisible = 0;
			defaultConfigurationName = Release;
		};
		07B4EDA72E3937B900BE09FB /* Build configuration list for PBXNativeTarget "PokedexAppTests" */ = {
			isa = XCConfigurationList;
			buildConfigurations = (
				07B4EDA82E3937B900BE09FB /* Debug */,
				07B4EDA92E3937B900BE09FB /* Release */,
			);
			defaultConfigurationIsVisible = 0;
			defaultConfigurationName = Release;
		};
		07B4EDAA2E3937B900BE09FB /* Build configuration list for PBXNativeTarget "PokedexAppUITests" */ = {
			isa = XCConfigurationList;
			buildConfigurations = (
				07B4EDAB2E3937B900BE09FB /* Debug */,
				07B4EDAC2E3937B900BE09FB /* Release */,
			);
			defaultConfigurationIsVisible = 0;
			defaultConfigurationName = Release;
		};
/* End XCConfigurationList section */
	};
	rootObject = 07B4ED7B2E3937B300BE09FB /* Project object */;
}
